
Microsoft Visual Studio Solution File, Format Version 12.00
# Visual Studio Version 17
VisualStudioVersion = 17.2.32616.157
MinimumVisualStudioVersion = 10.0.40219.1
Project("{9A19103F-16F7-4668-BE54-9A1E7A4F7556}") = "IlCats_Parsing", "Parsing_IlCats\IlCats_Parsing.csproj", "{DB1CDCE1-A230-4231-8D64-66ACDB184595}"
EndProject
Project("{9A19103F-16F7-4668-BE54-9A1E7A4F7556}") = "Ilcats_Persistence", "Ilcats_Persistence\Ilcats_Persistence.csproj", "{91BAD608-A917-4D7B-A2F2-7A0D1607C7EB}"
	ProjectSection(ProjectDependencies) = postProject
		{2A8062E5-579C-460C-B140-51C83FFEAD23} = {2A8062E5-579C-460C-B140-51C83FFEAD23}
		{3BB72041-4E71-469C-98DF-26CF0E021BF4} = {3BB72041-4E71-469C-98DF-26CF0E021BF4}
	EndProjectSection
EndProject
Project("{2150E333-8FDC-42A3-9474-1A3956D46DE8}") = "src", "src", "{1171A5D1-C22C-4FAB-8E88-5CF85038C92E}"
EndProject
Project("{2150E333-8FDC-42A3-9474-1A3956D46DE8}") = "Infrastructure", "Infrastructure", "{65C20376-3C5C-4CAA-934C-F4BF84866BE2}"
EndProject
Project("{2150E333-8FDC-42A3-9474-1A3956D46DE8}") = "Core", "Core", "{E96621DF-B051-417C-84D7-9413081F57F2}"
EndProject
Project("{9A19103F-16F7-4668-BE54-9A1E7A4F7556}") = "IlCats_Domain", "IlCats_Domain\IlCats_Domain.csproj", "{2A8062E5-579C-460C-B140-51C83FFEAD23}"
EndProject
Project("{2150E333-8FDC-42A3-9474-1A3956D46DE8}") = "WForm", "WForm", "{C991B507-A784-4EFF-9007-2C9EA780DC81}"
EndProject
Project("{9A19103F-16F7-4668-BE54-9A1E7A4F7556}") = "IlCats_API", "IlCats_API\IlCats_API.csproj", "{BC627A73-B760-4EC2-8FC2-1CB798565E53}"
	ProjectSection(ProjectDependencies) = postProject
		{91BAD608-A917-4D7B-A2F2-7A0D1607C7EB} = {91BAD608-A917-4D7B-A2F2-7A0D1607C7EB}
	EndProjectSection
EndProject
Project("{FAE04EC0-301F-11D3-BF4B-00C04F79EFBC}") = "IlCAts_WiForm", "IlCAts_WiForm\IlCAts_WiForm.csproj", "{F3EBEFC3-B4C6-4122-8B2C-874F8AAD122A}"
EndProject
Project("{2150E333-8FDC-42A3-9474-1A3956D46DE8}") = "API", "API", "{AA8FA68B-5444-4373-91B5-9C1A9A34E0D7}"
EndProject
Project("{9A19103F-16F7-4668-BE54-9A1E7A4F7556}") = "IlCats_Application", "IlCats_Application\IlCats_Application.csproj", "{3BB72041-4E71-469C-98DF-26CF0E021BF4}"
EndProject
Global
	GlobalSection(SolutionConfigurationPlatforms) = preSolution
		Debug|Any CPU = Debug|Any CPU
		Release|Any CPU = Release|Any CPU
	EndGlobalSection
	GlobalSection(ProjectConfigurationPlatforms) = postSolution
		{DB1CDCE1-A230-4231-8D64-66ACDB184595}.Debug|Any CPU.ActiveCfg = Debug|Any CPU
		{DB1CDCE1-A230-4231-8D64-66ACDB184595}.Debug|Any CPU.Build.0 = Debug|Any CPU
		{DB1CDCE1-A230-4231-8D64-66ACDB184595}.Release|Any CPU.ActiveCfg = Release|Any CPU
		{DB1CDCE1-A230-4231-8D64-66ACDB184595}.Release|Any CPU.Build.0 = Release|Any CPU
		{91BAD608-A917-4D7B-A2F2-7A0D1607C7EB}.Debug|Any CPU.ActiveCfg = Debug|Any CPU
		{91BAD608-A917-4D7B-A2F2-7A0D1607C7EB}.Debug|Any CPU.Build.0 = Debug|Any CPU
		{91BAD608-A917-4D7B-A2F2-7A0D1607C7EB}.Release|Any CPU.ActiveCfg = Release|Any CPU
		{91BAD608-A917-4D7B-A2F2-7A0D1607C7EB}.Release|Any CPU.Build.0 = Release|Any CPU
		{2A8062E5-579C-460C-B140-51C83FFEAD23}.Debug|Any CPU.ActiveCfg = Debug|Any CPU
		{2A8062E5-579C-460C-B140-51C83FFEAD23}.Debug|Any CPU.Build.0 = Debug|Any CPU
		{2A8062E5-579C-460C-B140-51C83FFEAD23}.Release|Any CPU.ActiveCfg = Release|Any CPU
		{2A8062E5-579C-460C-B140-51C83FFEAD23}.Release|Any CPU.Build.0 = Release|Any CPU
		{BC627A73-B760-4EC2-8FC2-1CB798565E53}.Debug|Any CPU.ActiveCfg = Debug|Any CPU
		{BC627A73-B760-4EC2-8FC2-1CB798565E53}.Debug|Any CPU.Build.0 = Debug|Any CPU
		{BC627A73-B760-4EC2-8FC2-1CB798565E53}.Release|Any CPU.ActiveCfg = Release|Any CPU
		{BC627A73-B760-4EC2-8FC2-1CB798565E53}.Release|Any CPU.Build.0 = Release|Any CPU
		{F3EBEFC3-B4C6-4122-8B2C-874F8AAD122A}.Debug|Any CPU.ActiveCfg = Debug|Any CPU
		{F3EBEFC3-B4C6-4122-8B2C-874F8AAD122A}.Debug|Any CPU.Build.0 = Debug|Any CPU
		{F3EBEFC3-B4C6-4122-8B2C-874F8AAD122A}.Release|Any CPU.ActiveCfg = Release|Any CPU
		{F3EBEFC3-B4C6-4122-8B2C-874F8AAD122A}.Release|Any CPU.Build.0 = Release|Any CPU
		{3BB72041-4E71-469C-98DF-26CF0E021BF4}.Debug|Any CPU.ActiveCfg = Debug|Any CPU
		{3BB72041-4E71-469C-98DF-26CF0E021BF4}.Debug|Any CPU.Build.0 = Debug|Any CPU
		{3BB72041-4E71-469C-98DF-26CF0E021BF4}.Release|Any CPU.ActiveCfg = Release|Any CPU
		{3BB72041-4E71-469C-98DF-26CF0E021BF4}.Release|Any CPU.Build.0 = Release|Any CPU
	EndGlobalSection
	GlobalSection(SolutionProperties) = preSolution
		HideSolutionNode = FALSE
	EndGlobalSection
	GlobalSection(NestedProjects) = preSolution
		{DB1CDCE1-A230-4231-8D64-66ACDB184595} = {65C20376-3C5C-4CAA-934C-F4BF84866BE2}
		{91BAD608-A917-4D7B-A2F2-7A0D1607C7EB} = {65C20376-3C5C-4CAA-934C-F4BF84866BE2}
		{65C20376-3C5C-4CAA-934C-F4BF84866BE2} = {1171A5D1-C22C-4FAB-8E88-5CF85038C92E}
		{E96621DF-B051-417C-84D7-9413081F57F2} = {1171A5D1-C22C-4FAB-8E88-5CF85038C92E}
		{2A8062E5-579C-460C-B140-51C83FFEAD23} = {E96621DF-B051-417C-84D7-9413081F57F2}
		{C991B507-A784-4EFF-9007-2C9EA780DC81} = {1171A5D1-C22C-4FAB-8E88-5CF85038C92E}
		{BC627A73-B760-4EC2-8FC2-1CB798565E53} = {AA8FA68B-5444-4373-91B5-9C1A9A34E0D7}
		{F3EBEFC3-B4C6-4122-8B2C-874F8AAD122A} = {C991B507-A784-4EFF-9007-2C9EA780DC81}
		{AA8FA68B-5444-4373-91B5-9C1A9A34E0D7} = {1171A5D1-C22C-4FAB-8E88-5CF85038C92E}
		{3BB72041-4E71-469C-98DF-26CF0E021BF4} = {E96621DF-B051-417C-84D7-9413081F57F2}
	EndGlobalSection
	GlobalSection(ExtensibilityGlobals) = postSolution
		SolutionGuid = {35C5B22E-3BFC-4C18-A2D8-C717E50C657F}
	EndGlobalSection
EndGlobal
