
Microsoft Visual Studio Solution File, Format Version 12.00
# Visual Studio Version 17
VisualStudioVersion = 17.2.32616.157
MinimumVisualStudioVersion = 10.0.40219.1
Project("{9A19103F-16F7-4668-BE54-9A1E7A4F7556}") = "ABP_Application", "ABP_Application\ABP_Application.csproj", "{A56F5D0A-061D-4C65-A958-5F279FBE116D}"
	ProjectSection(ProjectDependencies) = postProject
		{CEEAF83A-F21B-474F-85A7-C4D6ABD00C90} = {CEEAF83A-F21B-474F-85A7-C4D6ABD00C90}
		{DA04B689-DA46-498A-BA7B-E8A87147D0A3} = {DA04B689-DA46-498A-BA7B-E8A87147D0A3}
	EndProjectSection
EndProject
Project("{9A19103F-16F7-4668-BE54-9A1E7A4F7556}") = "ABP_Bll", "ABP_Bll\ABP_Bll.csproj", "{A74D7F8A-82B0-4372-816D-48A65ED719C7}"
	ProjectSection(ProjectDependencies) = postProject
		{CEEAF83A-F21B-474F-85A7-C4D6ABD00C90} = {CEEAF83A-F21B-474F-85A7-C4D6ABD00C90}
	EndProjectSection
EndProject
Project("{9A19103F-16F7-4668-BE54-9A1E7A4F7556}") = "ABP_Dal", "ABP_Dal\ABP_Dal.csproj", "{CEEAF83A-F21B-474F-85A7-C4D6ABD00C90}"
	ProjectSection(ProjectDependencies) = postProject
		{DA04B689-DA46-498A-BA7B-E8A87147D0A3} = {DA04B689-DA46-498A-BA7B-E8A87147D0A3}
	EndProjectSection
EndProject
Project("{9A19103F-16F7-4668-BE54-9A1E7A4F7556}") = "ABP_Entity", "ABP_Entity\ABP_Entity.csproj", "{DA04B689-DA46-498A-BA7B-E8A87147D0A3}"
EndProject
Global
	GlobalSection(SolutionConfigurationPlatforms) = preSolution
		Debug|Any CPU = Debug|Any CPU
		Release|Any CPU = Release|Any CPU
	EndGlobalSection
	GlobalSection(ProjectConfigurationPlatforms) = postSolution
		{A56F5D0A-061D-4C65-A958-5F279FBE116D}.Debug|Any CPU.ActiveCfg = Debug|Any CPU
		{A56F5D0A-061D-4C65-A958-5F279FBE116D}.Debug|Any CPU.Build.0 = Debug|Any CPU
		{A56F5D0A-061D-4C65-A958-5F279FBE116D}.Release|Any CPU.ActiveCfg = Release|Any CPU
		{A56F5D0A-061D-4C65-A958-5F279FBE116D}.Release|Any CPU.Build.0 = Release|Any CPU
		{A74D7F8A-82B0-4372-816D-48A65ED719C7}.Debug|Any CPU.ActiveCfg = Debug|Any CPU
		{A74D7F8A-82B0-4372-816D-48A65ED719C7}.Debug|Any CPU.Build.0 = Debug|Any CPU
		{A74D7F8A-82B0-4372-816D-48A65ED719C7}.Release|Any CPU.ActiveCfg = Release|Any CPU
		{A74D7F8A-82B0-4372-816D-48A65ED719C7}.Release|Any CPU.Build.0 = Release|Any CPU
		{CEEAF83A-F21B-474F-85A7-C4D6ABD00C90}.Debug|Any CPU.ActiveCfg = Debug|Any CPU
		{CEEAF83A-F21B-474F-85A7-C4D6ABD00C90}.Debug|Any CPU.Build.0 = Debug|Any CPU
		{CEEAF83A-F21B-474F-85A7-C4D6ABD00C90}.Release|Any CPU.ActiveCfg = Release|Any CPU
		{CEEAF83A-F21B-474F-85A7-C4D6ABD00C90}.Release|Any CPU.Build.0 = Release|Any CPU
		{DA04B689-DA46-498A-BA7B-E8A87147D0A3}.Debug|Any CPU.ActiveCfg = Debug|Any CPU
		{DA04B689-DA46-498A-BA7B-E8A87147D0A3}.Debug|Any CPU.Build.0 = Debug|Any CPU
		{DA04B689-DA46-498A-BA7B-E8A87147D0A3}.Release|Any CPU.ActiveCfg = Release|Any CPU
		{DA04B689-DA46-498A-BA7B-E8A87147D0A3}.Release|Any CPU.Build.0 = Release|Any CPU
	EndGlobalSection
	GlobalSection(SolutionProperties) = preSolution
		HideSolutionNode = FALSE
	EndGlobalSection
	GlobalSection(ExtensibilityGlobals) = postSolution
		SolutionGuid = {B0B1AF18-D3D7-4D78-9068-61CD2395821B}
	EndGlobalSection
EndGlobal
